Microsoft Visual Studio Solution File, Format Version 12.00
# Visual Studio Version 16
VisualStudioVersion = 16.0.30711.63
MinimumVisualStudioVersion = 10.0.40219.1
Project("{FAE04EC0-301F-11D3-BF4B-00C04F79EFBC}") = "Diffusions", "Diffusions\Diffusions.csproj", "{FBE2567B-B701-4855-8DCC-F7CD93A18745}"
EndProject
Project("{8BC9CEB8-8B4A-11D0-8D11-00A0C91BC942}") = "OMPIntegration", "OMPIntegration\OMPIntegration.vcxproj", "{5EDC02F7-6096-4A52-9433-1043BC361BAB}"
EndProject
Project("{FAE04EC0-301F-11D3-BF4B-00C04F79EFBC}") = "TPLIntegration", "TPLIntegration\TPLIntegration.csproj", "{D14EB70E-E110-418B-B7B3-329EA8709EA6}"
EndProject
Global
	GlobalSection(SolutionConfigurationPlatforms) = preSolution
		Debug|Any CPU = Debug|Any CPU
		Debug|x64 = Debug|x64
		Debug|x86 = Debug|x86
		Release|Any CPU = Release|Any CPU
		Release|x64 = Release|x64
		Release|x86 = Release|x86
	EndGlobalSection
	GlobalSection(ProjectConfigurationPlatforms) = postSolution
		{FBE2567B-B701-4855-8DCC-F7CD93A18745}.Debug|Any CPU.ActiveCfg = Debug|Any CPU
		{FBE2567B-B701-4855-8DCC-F7CD93A18745}.Debug|Any CPU.Build.0 = Debug|Any CPU
		{FBE2567B-B701-4855-8DCC-F7CD93A18745}.Debug|x64.ActiveCfg = Debug|Any CPU
		{FBE2567B-B701-4855-8DCC-F7CD93A18745}.Debug|x64.Build.0 = Debug|Any CPU
		{FBE2567B-B701-4855-8DCC-F7CD93A18745}.Debug|x86.ActiveCfg = Debug|Any CPU
		{FBE2567B-B701-4855-8DCC-F7CD93A18745}.Debug|x86.Build.0 = Debug|Any CPU
		{FBE2567B-B701-4855-8DCC-F7CD93A18745}.Release|Any CPU.ActiveCfg = Release|Any CPU
		{FBE2567B-B701-4855-8DCC-F7CD93A18745}.Release|Any CPU.Build.0 = Release|Any CPU
		{FBE2567B-B701-4855-8DCC-F7CD93A18745}.Release|x64.ActiveCfg = Release|Any CPU
		{FBE2567B-B701-4855-8DCC-F7CD93A18745}.Release|x64.Build.0 = Release|Any CPU
		{FBE2567B-B701-4855-8DCC-F7CD93A18745}.Release|x86.ActiveCfg = Release|Any CPU
		{FBE2567B-B701-4855-8DCC-F7CD93A18745}.Release|x86.Build.0 = Release|Any CPU
		{5EDC02F7-6096-4A52-9433-1043BC361BAB}.Debug|Any CPU.ActiveCfg = Debug|Win32
		{5EDC02F7-6096-4A52-9433-1043BC361BAB}.Debug|x64.ActiveCfg = Debug|x64
		{5EDC02F7-6096-4A52-9433-1043BC361BAB}.Debug|x64.Build.0 = Debug|x64
		{5EDC02F7-6096-4A52-9433-1043BC361BAB}.Debug|x86.ActiveCfg = Debug|Win32
		{5EDC02F7-6096-4A52-9433-1043BC361BAB}.Debug|x86.Build.0 = Debug|Win32
		{5EDC02F7-6096-4A52-9433-1043BC361BAB}.Release|Any CPU.ActiveCfg = Release|Win32
		{5EDC02F7-6096-4A52-9433-1043BC361BAB}.Release|x64.ActiveCfg = Release|x64
		{5EDC02F7-6096-4A52-9433-1043BC361BAB}.Release|x64.Build.0 = Release|x64
		{5EDC02F7-6096-4A52-9433-1043BC361BAB}.Release|x86.ActiveCfg = Release|Win32
		{5EDC02F7-6096-4A52-9433-1043BC361BAB}.Release|x86.Build.0 = Release|Win32
		{D14EB70E-E110-418B-B7B3-329EA8709EA6}.Debug|Any CPU.ActiveCfg = Debug|Any CPU
		{D14EB70E-E110-418B-B7B3-329EA8709EA6}.Debug|Any CPU.Build.0 = Debug|Any CPU
		{D14EB70E-E110-418B-B7B3-329EA8709EA6}.Debug|x64.ActiveCfg = Debug|Any CPU
		{D14EB70E-E110-418B-B7B3-329EA8709EA6}.Debug|x64.Build.0 = Debug|Any CPU
		{D14EB70E-E110-418B-B7B3-329EA8709EA6}.Debug|x86.ActiveCfg = Debug|Any CPU
		{D14EB70E-E110-418B-B7B3-329EA8709EA6}.Debug|x86.Build.0 = Debug|Any CPU
		{D14EB70E-E110-418B-B7B3-329EA8709EA6}.Release|Any CPU.ActiveCfg = Release|Any CPU
		{D14EB70E-E110-418B-B7B3-329EA8709EA6}.Release|Any CPU.Build.0 = Release|Any CPU
		{D14EB70E-E110-418B-B7B3-329EA8709EA6}.Release|x64.ActiveCfg = Release|Any CPU
		{D14EB70E-E110-418B-B7B3-329EA8709EA6}.Release|x64.Build.0 = Release|Any CPU
		{D14EB70E-E110-418B-B7B3-329EA8709EA6}.Release|x86.ActiveCfg = Release|Any CPU
		{D14EB70E-E110-418B-B7B3-329EA8709EA6}.Release|x86.Build.0 = Release|Any CPU
	EndGlobalSection
	GlobalSection(SolutionProperties) = preSolution
		HideSolutionNode = FALSE
	EndGlobalSection
	GlobalSection(ExtensibilityGlobals) = postSolution
		SolutionGuid = {D5A4E051-49DF-475E-9028-4F5A1CAEA77A}
	EndGlobalSection
	GlobalSection(Performance) = preSolution
		HasPerformanceSessions = true
	EndGlobalSection
EndGlobal
